
Microsoft Visual Studio Solution File, Format Version 12.00
# Visual Studio Version 17
VisualStudioVersion = 17.6.33829.357
MinimumVisualStudioVersion = 10.0.40219.1
Project("{2150E333-8FDC-42A3-9474-1A3956D46DE8}") = "src", "src", "{7DD1CB7A-EFD0-4F35-86F7-3BFE636A65E1}"
EndProject
Project("{9A19103F-16F7-4668-BE54-9A1E7A4F7556}") = "AuctionService", "src\AuctionService\AuctionService.csproj", "{AEF3F77E-3342-406B-B848-F4D80C1605D3}"
EndProject
Project("{E53339B2-1760-4266-BCC7-CA923CBCF16C}") = "docker-compose", "docker-compose.dcproj", "{8C1217CC-3BD8-42F5-935B-D79D75315E1C}"
EndProject
Project("{9A19103F-16F7-4668-BE54-9A1E7A4F7556}") = "Contracts", "src\Contracts\Contracts.csproj", "{41071C96-A872-4780-AB77-A4DE2EFA9FB7}"
EndProject
Project("{9A19103F-16F7-4668-BE54-9A1E7A4F7556}") = "IdentityService", "src\IdentityService\IdentityService.csproj", "{4A70E201-D0A2-439E-8529-F1843F41F470}"
EndProject
Project("{9A19103F-16F7-4668-BE54-9A1E7A4F7556}") = "GatewayService", "src\GatewayService\GatewayService.csproj", "{400E3292-C95D-4FBC-9290-E560FA241663}"
EndProject
Project("{9A19103F-16F7-4668-BE54-9A1E7A4F7556}") = "SearchService", "src\SearchSerivce\SearchService.csproj", "{ADFEC35D-35E5-4630-A11B-CEC1A009DC0E}"
EndProject
Project("{9A19103F-16F7-4668-BE54-9A1E7A4F7556}") = "BiddingService", "src\BiddingService\BiddingService.csproj", "{B3F23851-50CE-47EA-B7AD-D08B27CB3AF8}"
EndProject
Project("{9A19103F-16F7-4668-BE54-9A1E7A4F7556}") = "NotificationService", "src\NotificationService\NotificationService.csproj", "{BF62CD4C-1FCF-4F7A-A133-C5F527C5650F}"
EndProject
Project("{9A19103F-16F7-4668-BE54-9A1E7A4F7556}") = "AuctionService.UnitTests", "tests\AuctionService.UnitTests\AuctionService.UnitTests.csproj", "{D91D9350-D39A-4B7A-A9C4-327BD3BA1499}"
EndProject
Project("{2150E333-8FDC-42A3-9474-1A3956D46DE8}") = "tests", "tests", "{26988DF1-07A2-47AE-A4AC-AE844AEB6C7B}"
EndProject
Project("{FAE04EC0-301F-11D3-BF4B-00C04F79EFBC}") = "AuctionService.IntegrationTests", "tests\AuctionService.IntegrationTests\AuctionService.IntegrationTests.csproj", "{6A7E4263-D1F7-45D7-AAF2-C8F65F73FA63}"
EndProject
Global
	GlobalSection(SolutionConfigurationPlatforms) = preSolution
		Debug|Any CPU = Debug|Any CPU
		Release|Any CPU = Release|Any CPU
	EndGlobalSection
	GlobalSection(ProjectConfigurationPlatforms) = postSolution
		{AEF3F77E-3342-406B-B848-F4D80C1605D3}.Debug|Any CPU.ActiveCfg = Debug|Any CPU
		{AEF3F77E-3342-406B-B848-F4D80C1605D3}.Debug|Any CPU.Build.0 = Debug|Any CPU
		{AEF3F77E-3342-406B-B848-F4D80C1605D3}.Release|Any CPU.ActiveCfg = Release|Any CPU
		{AEF3F77E-3342-406B-B848-F4D80C1605D3}.Release|Any CPU.Build.0 = Release|Any CPU
		{8C1217CC-3BD8-42F5-935B-D79D75315E1C}.Debug|Any CPU.ActiveCfg = Debug|Any CPU
		{8C1217CC-3BD8-42F5-935B-D79D75315E1C}.Debug|Any CPU.Build.0 = Debug|Any CPU
		{8C1217CC-3BD8-42F5-935B-D79D75315E1C}.Release|Any CPU.ActiveCfg = Release|Any CPU
		{8C1217CC-3BD8-42F5-935B-D79D75315E1C}.Release|Any CPU.Build.0 = Release|Any CPU
		{41071C96-A872-4780-AB77-A4DE2EFA9FB7}.Debug|Any CPU.ActiveCfg = Debug|Any CPU
		{41071C96-A872-4780-AB77-A4DE2EFA9FB7}.Debug|Any CPU.Build.0 = Debug|Any CPU
		{41071C96-A872-4780-AB77-A4DE2EFA9FB7}.Release|Any CPU.ActiveCfg = Release|Any CPU
		{41071C96-A872-4780-AB77-A4DE2EFA9FB7}.Release|Any CPU.Build.0 = Release|Any CPU
		{4A70E201-D0A2-439E-8529-F1843F41F470}.Debug|Any CPU.ActiveCfg = Debug|Any CPU
		{4A70E201-D0A2-439E-8529-F1843F41F470}.Debug|Any CPU.Build.0 = Debug|Any CPU
		{4A70E201-D0A2-439E-8529-F1843F41F470}.Release|Any CPU.ActiveCfg = Release|Any CPU
		{4A70E201-D0A2-439E-8529-F1843F41F470}.Release|Any CPU.Build.0 = Release|Any CPU
		{400E3292-C95D-4FBC-9290-E560FA241663}.Debug|Any CPU.ActiveCfg = Debug|Any CPU
		{400E3292-C95D-4FBC-9290-E560FA241663}.Debug|Any CPU.Build.0 = Debug|Any CPU
		{400E3292-C95D-4FBC-9290-E560FA241663}.Release|Any CPU.ActiveCfg = Release|Any CPU
		{400E3292-C95D-4FBC-9290-E560FA241663}.Release|Any CPU.Build.0 = Release|Any CPU
		{ADFEC35D-35E5-4630-A11B-CEC1A009DC0E}.Debug|Any CPU.ActiveCfg = Debug|Any CPU
		{ADFEC35D-35E5-4630-A11B-CEC1A009DC0E}.Debug|Any CPU.Build.0 = Debug|Any CPU
		{ADFEC35D-35E5-4630-A11B-CEC1A009DC0E}.Release|Any CPU.ActiveCfg = Release|Any CPU
		{ADFEC35D-35E5-4630-A11B-CEC1A009DC0E}.Release|Any CPU.Build.0 = Release|Any CPU
		{B3F23851-50CE-47EA-B7AD-D08B27CB3AF8}.Debug|Any CPU.ActiveCfg = Debug|Any CPU
		{B3F23851-50CE-47EA-B7AD-D08B27CB3AF8}.Debug|Any CPU.Build.0 = Debug|Any CPU
		{B3F23851-50CE-47EA-B7AD-D08B27CB3AF8}.Release|Any CPU.ActiveCfg = Release|Any CPU
		{B3F23851-50CE-47EA-B7AD-D08B27CB3AF8}.Release|Any CPU.Build.0 = Release|Any CPU
		{BF62CD4C-1FCF-4F7A-A133-C5F527C5650F}.Debug|Any CPU.ActiveCfg = Debug|Any CPU
		{BF62CD4C-1FCF-4F7A-A133-C5F527C5650F}.Debug|Any CPU.Build.0 = Debug|Any CPU
		{BF62CD4C-1FCF-4F7A-A133-C5F527C5650F}.Release|Any CPU.ActiveCfg = Release|Any CPU
		{BF62CD4C-1FCF-4F7A-A133-C5F527C5650F}.Release|Any CPU.Build.0 = Release|Any CPU
		{D91D9350-D39A-4B7A-A9C4-327BD3BA1499}.Debug|Any CPU.ActiveCfg = Debug|Any CPU
		{D91D9350-D39A-4B7A-A9C4-327BD3BA1499}.Debug|Any CPU.Build.0 = Debug|Any CPU
		{D91D9350-D39A-4B7A-A9C4-327BD3BA1499}.Release|Any CPU.ActiveCfg = Release|Any CPU
		{D91D9350-D39A-4B7A-A9C4-327BD3BA1499}.Release|Any CPU.Build.0 = Release|Any CPU
		{6A7E4263-D1F7-45D7-AAF2-C8F65F73FA63}.Debug|Any CPU.ActiveCfg = Debug|Any CPU
		{6A7E4263-D1F7-45D7-AAF2-C8F65F73FA63}.Debug|Any CPU.Build.0 = Debug|Any CPU
		{6A7E4263-D1F7-45D7-AAF2-C8F65F73FA63}.Release|Any CPU.ActiveCfg = Release|Any CPU
		{6A7E4263-D1F7-45D7-AAF2-C8F65F73FA63}.Release|Any CPU.Build.0 = Release|Any CPU
	EndGlobalSection
	GlobalSection(SolutionProperties) = preSolution
		HideSolutionNode = FALSE
	EndGlobalSection
	GlobalSection(NestedProjects) = preSolution
		{AEF3F77E-3342-406B-B848-F4D80C1605D3} = {7DD1CB7A-EFD0-4F35-86F7-3BFE636A65E1}
		{41071C96-A872-4780-AB77-A4DE2EFA9FB7} = {7DD1CB7A-EFD0-4F35-86F7-3BFE636A65E1}
		{4A70E201-D0A2-439E-8529-F1843F41F470} = {7DD1CB7A-EFD0-4F35-86F7-3BFE636A65E1}
		{400E3292-C95D-4FBC-9290-E560FA241663} = {7DD1CB7A-EFD0-4F35-86F7-3BFE636A65E1}
		{ADFEC35D-35E5-4630-A11B-CEC1A009DC0E} = {7DD1CB7A-EFD0-4F35-86F7-3BFE636A65E1}
		{B3F23851-50CE-47EA-B7AD-D08B27CB3AF8} = {7DD1CB7A-EFD0-4F35-86F7-3BFE636A65E1}
		{BF62CD4C-1FCF-4F7A-A133-C5F527C5650F} = {7DD1CB7A-EFD0-4F35-86F7-3BFE636A65E1}
		{D91D9350-D39A-4B7A-A9C4-327BD3BA1499} = {26988DF1-07A2-47AE-A4AC-AE844AEB6C7B}
		{6A7E4263-D1F7-45D7-AAF2-C8F65F73FA63} = {26988DF1-07A2-47AE-A4AC-AE844AEB6C7B}
	EndGlobalSection
	GlobalSection(ExtensibilityGlobals) = postSolution
		SolutionGuid = {B6956DB4-618F-4DA6-B835-668EF01C5357}
	EndGlobalSection
EndGlobal
